# This is a Gradle generated file for dependency locking.
# Manual edits can break the build and are not advised.
# This file is expected to be part of source control.
androidx.annotation:annotation-experimental:1.0.0=onnxReleaseAndroidTestCompileClasspath,onnxReleaseAndroidTestRuntimeClasspath,pytorchReleaseAndroidTestCompileClasspath,pytorchReleaseAndroidTestRuntimeClasspath,tensorflowReleaseAndroidTestCompileClasspath,tensorflowReleaseAndroidTestRuntimeClasspath
androidx.annotation:annotation:1.0.0=pytorchDebugRuntimeClasspath,pytorchDebugUnitTestRuntimeClasspath,pytorchReleaseAndroidTestCompileClasspath,pytorchReleaseAndroidTestRuntimeClasspath,pytorchReleaseRuntimeClasspath,pytorchReleaseUnitTestRuntimeClasspath
androidx.annotation:annotation:1.1.0=onnxReleaseAndroidTestCompileClasspath,onnxReleaseAndroidTestRuntimeClasspath,tensorflowReleaseAndroidTestCompileClasspath,tensorflowReleaseAndroidTestRuntimeClasspath
androidx.appcompat:appcompat:1.0.0=pytorchDebugRuntimeClasspath,pytorchDebugUnitTestRuntimeClasspath,pytorchReleaseAndroidTestRuntimeClasspath,pytorchReleaseRuntimeClasspath,pytorchReleaseUnitTestRuntimeClasspath
androidx.arch.core:core-common:2.0.0=pytorchDebugRuntimeClasspath,pytorchDebugUnitTestRuntimeClasspath,pytorchReleaseAndroidTestRuntimeClasspath,pytorchReleaseRuntimeClasspath,pytorchReleaseUnitTestRuntimeClasspath
androidx.arch.core:core-runtime:2.0.0=pytorchDebugRuntimeClasspath,pytorchDebugUnitTestRuntimeClasspath,pytorchReleaseAndroidTestRuntimeClasspath,pytorchReleaseRuntimeClasspath,pytorchReleaseUnitTestRuntimeClasspath
androidx.asynclayoutinflater:asynclayoutinflater:1.0.0=pytorchDebugRuntimeClasspath,pytorchDebugUnitTestRuntimeClasspath,pytorchReleaseAndroidTestRuntimeClasspath,pytorchReleaseRuntimeClasspath,pytorchReleaseUnitTestRuntimeClasspath
androidx.benchmark:benchmark-common:1.1.0-alpha01=onnxReleaseAndroidTestCompileClasspath,onnxReleaseAndroidTestRuntimeClasspath,pytorchReleaseAndroidTestCompileClasspath,pytorchReleaseAndroidTestRuntimeClasspath,tensorflowReleaseAndroidTestCompileClasspath,tensorflowReleaseAndroidTestRuntimeClasspath
androidx.benchmark:benchmark-junit4:1.1.0-alpha01=onnxReleaseAndroidTestCompileClasspath,onnxReleaseAndroidTestRuntimeClasspath,pytorchReleaseAndroidTestCompileClasspath,pytorchReleaseAndroidTestRuntimeClasspath,tensorflowReleaseAndroidTestCompileClasspath,tensorflowReleaseAndroidTestRuntimeClasspath
androidx.collection:collection:1.0.0=pytorchDebugRuntimeClasspath,pytorchDebugUnitTestRuntimeClasspath,pytorchReleaseAndroidTestRuntimeClasspath,pytorchReleaseRuntimeClasspath,pytorchReleaseUnitTestRuntimeClasspath
androidx.coordinatorlayout:coordinatorlayout:1.0.0=pytorchDebugRuntimeClasspath,pytorchDebugUnitTestRuntimeClasspath,pytorchReleaseAndroidTestRuntimeClasspath,pytorchReleaseRuntimeClasspath,pytorchReleaseUnitTestRuntimeClasspath
androidx.core:core:1.0.0=pytorchDebugRuntimeClasspath,pytorchDebugUnitTestRuntimeClasspath,pytorchReleaseAndroidTestRuntimeClasspath,pytorchReleaseRuntimeClasspath,pytorchReleaseUnitTestRuntimeClasspath
androidx.cursoradapter:cursoradapter:1.0.0=pytorchDebugRuntimeClasspath,pytorchDebugUnitTestRuntimeClasspath,pytorchReleaseAndroidTestRuntimeClasspath,pytorchReleaseRuntimeClasspath,pytorchReleaseUnitTestRuntimeClasspath
androidx.customview:customview:1.0.0=pytorchDebugRuntimeClasspath,pytorchDebugUnitTestRuntimeClasspath,pytorchReleaseAndroidTestRuntimeClasspath,pytorchReleaseRuntimeClasspath,pytorchReleaseUnitTestRuntimeClasspath
androidx.documentfile:documentfile:1.0.0=pytorchDebugRuntimeClasspath,pytorchDebugUnitTestRuntimeClasspath,pytorchReleaseAndroidTestRuntimeClasspath,pytorchReleaseRuntimeClasspath,pytorchReleaseUnitTestRuntimeClasspath
androidx.drawerlayout:drawerlayout:1.0.0=pytorchDebugRuntimeClasspath,pytorchDebugUnitTestRuntimeClasspath,pytorchReleaseAndroidTestRuntimeClasspath,pytorchReleaseRuntimeClasspath,pytorchReleaseUnitTestRuntimeClasspath
androidx.fragment:fragment:1.0.0=pytorchDebugRuntimeClasspath,pytorchDebugUnitTestRuntimeClasspath,pytorchReleaseAndroidTestRuntimeClasspath,pytorchReleaseRuntimeClasspath,pytorchReleaseUnitTestRuntimeClasspath
androidx.interpolator:interpolator:1.0.0=pytorchDebugRuntimeClasspath,pytorchDebugUnitTestRuntimeClasspath,pytorchReleaseAndroidTestRuntimeClasspath,pytorchReleaseRuntimeClasspath,pytorchReleaseUnitTestRuntimeClasspath
androidx.legacy:legacy-support-core-ui:1.0.0=pytorchDebugRuntimeClasspath,pytorchDebugUnitTestRuntimeClasspath,pytorchReleaseAndroidTestRuntimeClasspath,pytorchReleaseRuntimeClasspath,pytorchReleaseUnitTestRuntimeClasspath
androidx.legacy:legacy-support-core-utils:1.0.0=pytorchDebugRuntimeClasspath,pytorchDebugUnitTestRuntimeClasspath,pytorchReleaseAndroidTestRuntimeClasspath,pytorchReleaseRuntimeClasspath,pytorchReleaseUnitTestRuntimeClasspath
androidx.lifecycle:lifecycle-common:2.0.0=onnxReleaseAndroidTestCompileClasspath,onnxReleaseAndroidTestRuntimeClasspath,pytorchDebugRuntimeClasspath,pytorchDebugUnitTestRuntimeClasspath,pytorchReleaseAndroidTestCompileClasspath,pytorchReleaseAndroidTestRuntimeClasspath,pytorchReleaseRuntimeClasspath,pytorchReleaseUnitTestRuntimeClasspath,tensorflowReleaseAndroidTestCompileClasspath,tensorflowReleaseAndroidTestRuntimeClasspath
androidx.lifecycle:lifecycle-livedata-core:2.0.0=pytorchDebugRuntimeClasspath,pytorchDebugUnitTestRuntimeClasspath,pytorchReleaseAndroidTestRuntimeClasspath,pytorchReleaseRuntimeClasspath,pytorchReleaseUnitTestRuntimeClasspath
androidx.lifecycle:lifecycle-livedata:2.0.0=pytorchDebugRuntimeClasspath,pytorchDebugUnitTestRuntimeClasspath,pytorchReleaseAndroidTestRuntimeClasspath,pytorchReleaseRuntimeClasspath,pytorchReleaseUnitTestRuntimeClasspath
androidx.lifecycle:lifecycle-runtime:2.0.0=pytorchDebugRuntimeClasspath,pytorchDebugUnitTestRuntimeClasspath,pytorchReleaseAndroidTestRuntimeClasspath,pytorchReleaseRuntimeClasspath,pytorchReleaseUnitTestRuntimeClasspath
androidx.lifecycle:lifecycle-viewmodel:2.0.0=pytorchDebugRuntimeClasspath,pytorchDebugUnitTestRuntimeClasspath,pytorchReleaseAndroidTestRuntimeClasspath,pytorchReleaseRuntimeClasspath,pytorchReleaseUnitTestRuntimeClasspath
androidx.loader:loader:1.0.0=pytorchDebugRuntimeClasspath,pytorchDebugUnitTestRuntimeClasspath,pytorchReleaseAndroidTestRuntimeClasspath,pytorchReleaseRuntimeClasspath,pytorchReleaseUnitTestRuntimeClasspath
androidx.localbroadcastmanager:localbroadcastmanager:1.0.0=pytorchDebugRuntimeClasspath,pytorchDebugUnitTestRuntimeClasspath,pytorchReleaseAndroidTestRuntimeClasspath,pytorchReleaseRuntimeClasspath,pytorchReleaseUnitTestRuntimeClasspath
androidx.print:print:1.0.0=pytorchDebugRuntimeClasspath,pytorchDebugUnitTestRuntimeClasspath,pytorchReleaseAndroidTestRuntimeClasspath,pytorchReleaseRuntimeClasspath,pytorchReleaseUnitTestRuntimeClasspath
androidx.slidingpanelayout:slidingpanelayout:1.0.0=pytorchDebugRuntimeClasspath,pytorchDebugUnitTestRuntimeClasspath,pytorchReleaseAndroidTestRuntimeClasspath,pytorchReleaseRuntimeClasspath,pytorchReleaseUnitTestRuntimeClasspath
androidx.swiperefreshlayout:swiperefreshlayout:1.0.0=pytorchDebugRuntimeClasspath,pytorchDebugUnitTestRuntimeClasspath,pytorchReleaseAndroidTestRuntimeClasspath,pytorchReleaseRuntimeClasspath,pytorchReleaseUnitTestRuntimeClasspath
androidx.test.ext:junit:1.1.2=onnxReleaseAndroidTestCompileClasspath,onnxReleaseAndroidTestRuntimeClasspath,pytorchReleaseAndroidTestCompileClasspath,pytorchReleaseAndroidTestRuntimeClasspath,tensorflowReleaseAndroidTestCompileClasspath,tensorflowReleaseAndroidTestRuntimeClasspath
androidx.test:core:1.3.0=onnxReleaseAndroidTestCompileClasspath,onnxReleaseAndroidTestRuntimeClasspath,pytorchReleaseAndroidTestCompileClasspath,pytorchReleaseAndroidTestRuntimeClasspath,tensorflowReleaseAndroidTestCompileClasspath,tensorflowReleaseAndroidTestRuntimeClasspath
androidx.test:monitor:1.3.0=onnxReleaseAndroidTestCompileClasspath,onnxReleaseAndroidTestRuntimeClasspath,pytorchReleaseAndroidTestCompileClasspath,pytorchReleaseAndroidTestRuntimeClasspath,tensorflowReleaseAndroidTestCompileClasspath,tensorflowReleaseAndroidTestRuntimeClasspath
androidx.test:rules:1.2.0=onnxReleaseAndroidTestRuntimeClasspath,pytorchReleaseAndroidTestRuntimeClasspath,tensorflowReleaseAndroidTestRuntimeClasspath
androidx.test:runner:1.3.0=onnxReleaseAndroidTestCompileClasspath,onnxReleaseAndroidTestRuntimeClasspath,pytorchReleaseAndroidTestCompileClasspath,pytorchReleaseAndroidTestRuntimeClasspath,tensorflowReleaseAndroidTestCompileClasspath,tensorflowReleaseAndroidTestRuntimeClasspath
androidx.tracing:tracing-ktx:1.0.0-alpha01=onnxReleaseAndroidTestRuntimeClasspath,pytorchReleaseAndroidTestRuntimeClasspath,tensorflowReleaseAndroidTestRuntimeClasspath
androidx.tracing:tracing:1.0.0-alpha01=onnxReleaseAndroidTestRuntimeClasspath,pytorchReleaseAndroidTestRuntimeClasspath,tensorflowReleaseAndroidTestRuntimeClasspath
androidx.vectordrawable:vectordrawable-animated:1.0.0=pytorchDebugRuntimeClasspath,pytorchDebugUnitTestRuntimeClasspath,pytorchReleaseAndroidTestRuntimeClasspath,pytorchReleaseRuntimeClasspath,pytorchReleaseUnitTestRuntimeClasspath
androidx.vectordrawable:vectordrawable:1.0.0=pytorchDebugRuntimeClasspath,pytorchDebugUnitTestRuntimeClasspath,pytorchReleaseAndroidTestRuntimeClasspath,pytorchReleaseRuntimeClasspath,pytorchReleaseUnitTestRuntimeClasspath
androidx.versionedparcelable:versionedparcelable:1.0.0=pytorchDebugRuntimeClasspath,pytorchDebugUnitTestRuntimeClasspath,pytorchReleaseAndroidTestRuntimeClasspath,pytorchReleaseRuntimeClasspath,pytorchReleaseUnitTestRuntimeClasspath
androidx.viewpager:viewpager:1.0.0=pytorchDebugRuntimeClasspath,pytorchDebugUnitTestRuntimeClasspath,pytorchReleaseAndroidTestRuntimeClasspath,pytorchReleaseRuntimeClasspath,pytorchReleaseUnitTestRuntimeClasspath
com.android.tools.analytics-library:protos:27.2.0=lintClassPath
com.android.tools.analytics-library:shared:27.2.0=lintClassPath
com.android.tools.analytics-library:tracker:27.2.0=lintClassPath
com.android.tools.build:aapt2-proto:4.1.0-alpha01-6193524=lintClassPath
com.android.tools.build:apksig:4.2.0=lintClassPath
com.android.tools.build:apkzlib:4.2.0=lintClassPath
com.android.tools.build:builder-model:4.2.0=lintClassPath
com.android.tools.build:builder-test-api:4.2.0=lintClassPath
com.android.tools.build:builder:4.2.0=lintClassPath
com.android.tools.build:gradle-api:4.2.0=lintClassPath
com.android.tools.build:manifest-merger:27.2.0=lintClassPath
com.android.tools.ddms:ddmlib:27.2.0=lintClassPath
com.android.tools.external.com-intellij:intellij-core:27.2.0=lintClassPath
com.android.tools.external.com-intellij:kotlin-compiler:27.2.0=lintClassPath
com.android.tools.external.org-jetbrains:uast:27.2.0=lintClassPath
com.android.tools.layoutlib:layoutlib-api:27.2.0=lintClassPath
com.android.tools.lint:lint-api:27.2.0=lintClassPath
com.android.tools.lint:lint-checks:27.2.0=lintClassPath
com.android.tools.lint:lint-gradle-api:27.2.0=lintClassPath
com.android.tools.lint:lint-gradle:27.2.0=lintClassPath
com.android.tools.lint:lint-model:27.2.0=lintClassPath
com.android.tools.lint:lint:27.2.0=lintClassPath
com.android.tools:annotations:27.2.0=lintClassPath
com.android.tools:common:27.2.0=lintClassPath
com.android.tools:dvlib:27.2.0=lintClassPath
com.android.tools:repository:27.2.0=lintClassPath
com.android.tools:sdk-common:27.2.0=lintClassPath
com.android.tools:sdklib:27.2.0=lintClassPath
com.android:signflinger:4.2.0=lintClassPath
com.android:zipflinger:4.2.0=lintClassPath
com.facebook.fbjni:fbjni-java-only:0.0.3=pytorchDebugRuntimeClasspath,pytorchDebugUnitTestRuntimeClasspath,pytorchReleaseAndroidTestRuntimeClasspath,pytorchReleaseRuntimeClasspath,pytorchReleaseUnitTestRuntimeClasspath
com.facebook.soloader:nativeloader:0.8.0=pytorchDebugRuntimeClasspath,pytorchDebugUnitTestRuntimeClasspath,pytorchReleaseAndroidTestRuntimeClasspath,pytorchReleaseRuntimeClasspath,pytorchReleaseUnitTestRuntimeClasspath
com.google.code.findbugs:jsr305:3.0.2=lintClassPath,onnxDebugCompileClasspath,onnxDebugRuntimeClasspath,onnxDebugUnitTestCompileClasspath,onnxDebugUnitTestRuntimeClasspath,onnxReleaseAndroidTestCompileClasspath,onnxReleaseAndroidTestRuntimeClasspath,onnxReleaseCompileClasspath,onnxReleaseRuntimeClasspath,onnxReleaseUnitTestCompileClasspath,onnxReleaseUnitTestRuntimeClasspath,pytorchDebugCompileClasspath,pytorchDebugRuntimeClasspath,pytorchDebugUnitTestCompileClasspath,pytorchDebugUnitTestRuntimeClasspath,pytorchReleaseAndroidTestCompileClasspath,pytorchReleaseAndroidTestRuntimeClasspath,pytorchReleaseCompileClasspath,pytorchReleaseRuntimeClasspath,pytorchReleaseUnitTestCompileClasspath,pytorchReleaseUnitTestRuntimeClasspath,tensorflowDebugCompileClasspath,tensorflowDebugRuntimeClasspath,tensorflowDebugUnitTestCompileClasspath,tensorflowDebugUnitTestRuntimeClasspath,tensorflowReleaseAndroidTestCompileClasspath,tensorflowReleaseAndroidTestRuntimeClasspath,tensorflowReleaseCompileClasspath,tensorflowReleaseRuntimeClasspath,tensorflowReleaseUnitTestCompileClasspath,tensorflowReleaseUnitTestRuntimeClasspath
com.google.code.gson:gson:2.8.0=onnxReleaseAndroidTestRuntimeClasspath,pytorchReleaseAndroidTestRuntimeClasspath,tensorflowReleaseAndroidTestRuntimeClasspath
com.google.code.gson:gson:2.8.6=lintClassPath
com.google.errorprone:error_prone_annotations:2.3.2=lintClassPath
com.google.errorprone:error_prone_annotations:2.5.1=onnxDebugCompileClasspath,onnxDebugRuntimeClasspath,onnxDebugUnitTestCompileClasspath,onnxDebugUnitTestRuntimeClasspath,onnxReleaseAndroidTestCompileClasspath,onnxReleaseAndroidTestRuntimeClasspath,onnxReleaseCompileClasspath,onnxReleaseRuntimeClasspath,onnxReleaseUnitTestCompileClasspath,onnxReleaseUnitTestRuntimeClasspath,pytorchDebugCompileClasspath,pytorchDebugRuntimeClasspath,pytorchDebugUnitTestCompileClasspath,pytorchDebugUnitTestRuntimeClasspath,pytorchReleaseAndroidTestCompileClasspath,pytorchReleaseAndroidTestRuntimeClasspath,pytorchReleaseCompileClasspath,pytorchReleaseRuntimeClasspath,pytorchReleaseUnitTestCompileClasspath,pytorchReleaseUnitTestRuntimeClasspath,tensorflowDebugCompileClasspath,tensorflowDebugRuntimeClasspath,tensorflowDebugUnitTestCompileClasspath,tensorflowDebugUnitTestRuntimeClasspath,tensorflowReleaseAndroidTestCompileClasspath,tensorflowReleaseAndroidTestRuntimeClasspath,tensorflowReleaseCompileClasspath,tensorflowReleaseRuntimeClasspath,tensorflowReleaseUnitTestCompileClasspath,tensorflowReleaseUnitTestRuntimeClasspath
com.google.guava:failureaccess:1.0.1=lintClassPath,onnxDebugCompileClasspath,onnxDebugRuntimeClasspath,onnxDebugUnitTestCompileClasspath,onnxDebugUnitTestRuntimeClasspath,onnxReleaseAndroidTestCompileClasspath,onnxReleaseAndroidTestRuntimeClasspath,onnxReleaseCompileClasspath,onnxReleaseRuntimeClasspath,onnxReleaseUnitTestCompileClasspath,onnxReleaseUnitTestRuntimeClasspath,pytorchDebugCompileClasspath,pytorchDebugRuntimeClasspath,pytorchDebugUnitTestCompileClasspath,pytorchDebugUnitTestRuntimeClasspath,pytorchReleaseAndroidTestCompileClasspath,pytorchReleaseAndroidTestRuntimeClasspath,pytorchReleaseCompileClasspath,pytorchReleaseRuntimeClasspath,pytorchReleaseUnitTestCompileClasspath,pytorchReleaseUnitTestRuntimeClasspath,tensorflowDebugCompileClasspath,tensorflowDebugRuntimeClasspath,tensorflowDebugUnitTestCompileClasspath,tensorflowDebugUnitTestRuntimeClasspath,tensorflowReleaseAndroidTestCompileClasspath,tensorflowReleaseAndroidTestRuntimeClasspath,tensorflowReleaseCompileClasspath,tensorflowReleaseRuntimeClasspath,tensorflowReleaseUnitTestCompileClasspath,tensorflowReleaseUnitTestRuntimeClasspath
com.google.guava:guava:28.1-jre=lintClassPath
com.google.guava:guava:30.1.1-android=onnxDebugCompileClasspath,onnxDebugRuntimeClasspath,onnxDebugUnitTestCompileClasspath,onnxDebugUnitTestRuntimeClasspath,onnxReleaseAndroidTestCompileClasspath,onnxReleaseAndroidTestRuntimeClasspath,onnxReleaseCompileClasspath,onnxReleaseRuntimeClasspath,onnxReleaseUnitTestCompileClasspath,onnxReleaseUnitTestRuntimeClasspath,pytorchDebugCompileClasspath,pytorchDebugRuntimeClasspath,pytorchDebugUnitTestCompileClasspath,pytorchDebugUnitTestRuntimeClasspath,pytorchReleaseAndroidTestCompileClasspath,pytorchReleaseAndroidTestRuntimeClasspath,pytorchReleaseCompileClasspath,pytorchReleaseRuntimeClasspath,pytorchReleaseUnitTestCompileClasspath,pytorchReleaseUnitTestRuntimeClasspath,tensorflowDebugCompileClasspath,tensorflowDebugRuntimeClasspath,tensorflowDebugUnitTestCompileClasspath,tensorflowDebugUnitTestRuntimeClasspath,tensorflowReleaseAndroidTestCompileClasspath,tensorflowReleaseAndroidTestRuntimeClasspath,tensorflowReleaseCompileClasspath,tensorflowReleaseRuntimeClasspath,tensorflowReleaseUnitTestCompileClasspath,tensorflowReleaseUnitTestRuntimeClasspath
com.google.guava:listenablefuture:9999.0-empty-to-avoid-conflict-with-guava=lintClassPath,onnxDebugCompileClasspath,onnxDebugRuntimeClasspath,onnxDebugUnitTestCompileClasspath,onnxDebugUnitTestRuntimeClasspath,onnxReleaseAndroidTestCompileClasspath,onnxReleaseAndroidTestRuntimeClasspath,onnxReleaseCompileClasspath,onnxReleaseRuntimeClasspath,onnxReleaseUnitTestCompileClasspath,onnxReleaseUnitTestRuntimeClasspath,pytorchDebugCompileClasspath,pytorchDebugRuntimeClasspath,pytorchDebugUnitTestCompileClasspath,pytorchDebugUnitTestRuntimeClasspath,pytorchReleaseAndroidTestCompileClasspath,pytorchReleaseAndroidTestRuntimeClasspath,pytorchReleaseCompileClasspath,pytorchReleaseRuntimeClasspath,pytorchReleaseUnitTestCompileClasspath,pytorchReleaseUnitTestRuntimeClasspath,tensorflowDebugCompileClasspath,tensorflowDebugRuntimeClasspath,tensorflowDebugUnitTestCompileClasspath,tensorflowDebugUnitTestRuntimeClasspath,tensorflowReleaseAndroidTestCompileClasspath,tensorflowReleaseAndroidTestRuntimeClasspath,tensorflowReleaseCompileClasspath,tensorflowReleaseRuntimeClasspath,tensorflowReleaseUnitTestCompileClasspath,tensorflowReleaseUnitTestRuntimeClasspath
com.google.j2objc:j2objc-annotations:1.3=lintClassPath,onnxDebugCompileClasspath,onnxDebugRuntimeClasspath,onnxDebugUnitTestCompileClasspath,onnxDebugUnitTestRuntimeClasspath,onnxReleaseAndroidTestCompileClasspath,onnxReleaseAndroidTestRuntimeClasspath,onnxReleaseCompileClasspath,onnxReleaseRuntimeClasspath,onnxReleaseUnitTestCompileClasspath,onnxReleaseUnitTestRuntimeClasspath,pytorchDebugCompileClasspath,pytorchDebugRuntimeClasspath,pytorchDebugUnitTestCompileClasspath,pytorchDebugUnitTestRuntimeClasspath,pytorchReleaseAndroidTestCompileClasspath,pytorchReleaseAndroidTestRuntimeClasspath,pytorchReleaseCompileClasspath,pytorchReleaseRuntimeClasspath,pytorchReleaseUnitTestCompileClasspath,pytorchReleaseUnitTestRuntimeClasspath,tensorflowDebugCompileClasspath,tensorflowDebugRuntimeClasspath,tensorflowDebugUnitTestCompileClasspath,tensorflowDebugUnitTestRuntimeClasspath,tensorflowReleaseAndroidTestCompileClasspath,tensorflowReleaseAndroidTestRuntimeClasspath,tensorflowReleaseCompileClasspath,tensorflowReleaseRuntimeClasspath,tensorflowReleaseUnitTestCompileClasspath,tensorflowReleaseUnitTestRuntimeClasspath
com.google.jimfs:jimfs:1.1=lintClassPath
com.google.protobuf:protobuf-java:3.10.0=lintClassPath
com.googlecode.json-simple:json-simple:1.1=lintClassPath
com.microsoft.appcenter:espresso-test-extension:1.4=onnxReleaseAndroidTestCompileClasspath,onnxReleaseAndroidTestRuntimeClasspath,pytorchReleaseAndroidTestCompileClasspath,pytorchReleaseAndroidTestRuntimeClasspath,tensorflowReleaseAndroidTestCompileClasspath,tensorflowReleaseAndroidTestRuntimeClasspath
com.squareup.moshi:moshi-adapters:1.12.0=onnxDebugCompileClasspath,onnxDebugRuntimeClasspath,onnxDebugUnitTestCompileClasspath,onnxDebugUnitTestRuntimeClasspath,onnxReleaseAndroidTestCompileClasspath,onnxReleaseAndroidTestRuntimeClasspath,onnxReleaseCompileClasspath,onnxReleaseRuntimeClasspath,onnxReleaseUnitTestCompileClasspath,onnxReleaseUnitTestRuntimeClasspath,pytorchDebugCompileClasspath,pytorchDebugRuntimeClasspath,pytorchDebugUnitTestCompileClasspath,pytorchDebugUnitTestRuntimeClasspath,pytorchReleaseAndroidTestCompileClasspath,pytorchReleaseAndroidTestRuntimeClasspath,pytorchReleaseCompileClasspath,pytorchReleaseRuntimeClasspath,pytorchReleaseUnitTestCompileClasspath,pytorchReleaseUnitTestRuntimeClasspath,tensorflowDebugCompileClasspath,tensorflowDebugRuntimeClasspath,tensorflowDebugUnitTestCompileClasspath,tensorflowDebugUnitTestRuntimeClasspath,tensorflowReleaseAndroidTestCompileClasspath,tensorflowReleaseAndroidTestRuntimeClasspath,tensorflowReleaseCompileClasspath,tensorflowReleaseRuntimeClasspath,tensorflowReleaseUnitTestCompileClasspath,tensorflowReleaseUnitTestRuntimeClasspath
com.squareup.moshi:moshi:1.12.0=onnxDebugCompileClasspath,onnxDebugRuntimeClasspath,onnxDebugUnitTestCompileClasspath,onnxDebugUnitTestRuntimeClasspath,onnxReleaseAndroidTestCompileClasspath,onnxReleaseAndroidTestRuntimeClasspath,onnxReleaseCompileClasspath,onnxReleaseRuntimeClasspath,onnxReleaseUnitTestCompileClasspath,onnxReleaseUnitTestRuntimeClasspath,pytorchDebugCompileClasspath,pytorchDebugRuntimeClasspath,pytorchDebugUnitTestCompileClasspath,pytorchDebugUnitTestRuntimeClasspath,pytorchReleaseAndroidTestCompileClasspath,pytorchReleaseAndroidTestRuntimeClasspath,pytorchReleaseCompileClasspath,pytorchReleaseRuntimeClasspath,pytorchReleaseUnitTestCompileClasspath,pytorchReleaseUnitTestRuntimeClasspath,tensorflowDebugCompileClasspath,tensorflowDebugRuntimeClasspath,tensorflowDebugUnitTestCompileClasspath,tensorflowDebugUnitTestRuntimeClasspath,tensorflowReleaseAndroidTestCompileClasspath,tensorflowReleaseAndroidTestRuntimeClasspath,tensorflowReleaseCompileClasspath,tensorflowReleaseRuntimeClasspath,tensorflowReleaseUnitTestCompileClasspath,tensorflowReleaseUnitTestRuntimeClasspath
com.squareup.okio:okio:2.10.0=onnxDebugCompileClasspath,onnxDebugRuntimeClasspath,onnxDebugUnitTestCompileClasspath,onnxDebugUnitTestRuntimeClasspath,onnxReleaseAndroidTestCompileClasspath,onnxReleaseAndroidTestRuntimeClasspath,onnxReleaseCompileClasspath,onnxReleaseRuntimeClasspath,onnxReleaseUnitTestCompileClasspath,onnxReleaseUnitTestRuntimeClasspath,pytorchDebugCompileClasspath,pytorchDebugRuntimeClasspath,pytorchDebugUnitTestCompileClasspath,pytorchDebugUnitTestRuntimeClasspath,pytorchReleaseAndroidTestCompileClasspath,pytorchReleaseAndroidTestRuntimeClasspath,pytorchReleaseCompileClasspath,pytorchReleaseRuntimeClasspath,pytorchReleaseUnitTestCompileClasspath,pytorchReleaseUnitTestRuntimeClasspath,tensorflowDebugCompileClasspath,tensorflowDebugRuntimeClasspath,tensorflowDebugUnitTestCompileClasspath,tensorflowDebugUnitTestRuntimeClasspath,tensorflowReleaseAndroidTestCompileClasspath,tensorflowReleaseAndroidTestRuntimeClasspath,tensorflowReleaseCompileClasspath,tensorflowReleaseRuntimeClasspath,tensorflowReleaseUnitTestCompileClasspath,tensorflowReleaseUnitTestRuntimeClasspath
com.squareup:javawriter:2.5.0=lintClassPath
com.sun.activation:javax.activation:1.2.0=lintClassPath
com.sun.istack:istack-commons-runtime:3.0.8=lintClassPath
com.sun.xml.fastinfoset:FastInfoset:1.2.16=lintClassPath
commons-codec:commons-codec:1.10=lintClassPath
commons-logging:commons-logging:1.2=lintClassPath
it.unimi.dsi:fastutil:8.4.0=lintClassPath
jakarta.activation:jakarta.activation-api:1.2.1=lintClassPath
jakarta.xml.bind:jakarta.xml.bind-api:2.3.2=lintClassPath
javax.inject:javax.inject:1=lintClassPath
junit:junit:4.13.2=onnxReleaseAndroidTestCompileClasspath,onnxReleaseAndroidTestRuntimeClasspath,pytorchReleaseAndroidTestCompileClasspath,pytorchReleaseAndroidTestRuntimeClasspath,tensorflowReleaseAndroidTestCompileClasspath,tensorflowReleaseAndroidTestRuntimeClasspath
net.java.dev.jna:jna-platform:5.6.0=lintClassPath
net.java.dev.jna:jna:5.6.0=lintClassPath
net.sf.jopt-simple:jopt-simple:4.9=lintClassPath
net.sf.kxml:kxml2:2.3.0=lintClassPath
org.apache.commons:commons-compress:1.12=lintClassPath
org.apache.httpcomponents:httpclient:4.5.6=lintClassPath
org.apache.httpcomponents:httpcore:4.4.10=lintClassPath
org.apache.httpcomponents:httpmime:4.5.6=lintClassPath
org.bouncycastle:bcpkix-jdk15on:1.56=lintClassPath
org.bouncycastle:bcprov-jdk15on:1.56=lintClassPath
org.checkerframework:checker-compat-qual:2.5.5=onnxDebugCompileClasspath,onnxDebugRuntimeClasspath,onnxDebugUnitTestCompileClasspath,onnxDebugUnitTestRuntimeClasspath,onnxReleaseAndroidTestCompileClasspath,onnxReleaseAndroidTestRuntimeClasspath,onnxReleaseCompileClasspath,onnxReleaseRuntimeClasspath,onnxReleaseUnitTestCompileClasspath,onnxReleaseUnitTestRuntimeClasspath,pytorchDebugCompileClasspath,pytorchDebugRuntimeClasspath,pytorchDebugUnitTestCompileClasspath,pytorchDebugUnitTestRuntimeClasspath,pytorchReleaseAndroidTestCompileClasspath,pytorchReleaseAndroidTestRuntimeClasspath,pytorchReleaseCompileClasspath,pytorchReleaseRuntimeClasspath,pytorchReleaseUnitTestCompileClasspath,pytorchReleaseUnitTestRuntimeClasspath,tensorflowDebugCompileClasspath,tensorflowDebugRuntimeClasspath,tensorflowDebugUnitTestCompileClasspath,tensorflowDebugUnitTestRuntimeClasspath,tensorflowReleaseAndroidTestCompileClasspath,tensorflowReleaseAndroidTestRuntimeClasspath,tensorflowReleaseCompileClasspath,tensorflowReleaseRuntimeClasspath,tensorflowReleaseUnitTestCompileClasspath,tensorflowReleaseUnitTestRuntimeClasspath
org.checkerframework:checker-qual:2.8.1=lintClassPath
org.codehaus.groovy:groovy-all:2.4.15=lintClassPath
org.codehaus.mojo:animal-sniffer-annotations:1.18=lintClassPath
org.glassfish.jaxb:jaxb-runtime:2.3.2=lintClassPath
org.glassfish.jaxb:txw2:2.3.2=lintClassPath
org.hamcrest:hamcrest-core:1.3=onnxReleaseAndroidTestCompileClasspath,onnxReleaseAndroidTestRuntimeClasspath,pytorchReleaseAndroidTestCompileClasspath,pytorchReleaseAndroidTestRuntimeClasspath,tensorflowReleaseAndroidTestCompileClasspath,tensorflowReleaseAndroidTestRuntimeClasspath
org.jetbrains.intellij.deps:trove4j:1.0.20181211=lintClassPath
org.jetbrains.kotlin:kotlin-reflect:1.4.31=lintClassPath
org.jetbrains.kotlin:kotlin-stdlib-common:1.4.31=lintClassPath,onnxDebugCompileClasspath,onnxDebugRuntimeClasspath,onnxDebugUnitTestCompileClasspath,onnxDebugUnitTestRuntimeClasspath,onnxReleaseAndroidTestCompileClasspath,onnxReleaseAndroidTestRuntimeClasspath,onnxReleaseCompileClasspath,onnxReleaseRuntimeClasspath,onnxReleaseUnitTestCompileClasspath,onnxReleaseUnitTestRuntimeClasspath,pytorchDebugCompileClasspath,pytorchDebugRuntimeClasspath,pytorchDebugUnitTestCompileClasspath,pytorchDebugUnitTestRuntimeClasspath,pytorchReleaseAndroidTestCompileClasspath,pytorchReleaseAndroidTestRuntimeClasspath,pytorchReleaseCompileClasspath,pytorchReleaseRuntimeClasspath,pytorchReleaseUnitTestCompileClasspath,pytorchReleaseUnitTestRuntimeClasspath,tensorflowDebugCompileClasspath,tensorflowDebugRuntimeClasspath,tensorflowDebugUnitTestCompileClasspath,tensorflowDebugUnitTestRuntimeClasspath,tensorflowReleaseAndroidTestCompileClasspath,tensorflowReleaseAndroidTestRuntimeClasspath,tensorflowReleaseCompileClasspath,tensorflowReleaseRuntimeClasspath,tensorflowReleaseUnitTestCompileClasspath,tensorflowReleaseUnitTestRuntimeClasspath
org.jetbrains.kotlin:kotlin-stdlib-jdk7:1.4.31=lintClassPath
org.jetbrains.kotlin:kotlin-stdlib-jdk8:1.4.31=lintClassPath
org.jetbrains.kotlin:kotlin-stdlib:1.4.31=lintClassPath,onnxDebugCompileClasspath,onnxDebugRuntimeClasspath,onnxDebugUnitTestCompileClasspath,onnxDebugUnitTestRuntimeClasspath,onnxReleaseAndroidTestCompileClasspath,onnxReleaseAndroidTestRuntimeClasspath,onnxReleaseCompileClasspath,onnxReleaseRuntimeClasspath,onnxReleaseUnitTestCompileClasspath,onnxReleaseUnitTestRuntimeClasspath,pytorchDebugCompileClasspath,pytorchDebugRuntimeClasspath,pytorchDebugUnitTestCompileClasspath,pytorchDebugUnitTestRuntimeClasspath,pytorchReleaseAndroidTestCompileClasspath,pytorchReleaseAndroidTestRuntimeClasspath,pytorchReleaseCompileClasspath,pytorchReleaseRuntimeClasspath,pytorchReleaseUnitTestCompileClasspath,pytorchReleaseUnitTestRuntimeClasspath,tensorflowDebugCompileClasspath,tensorflowDebugRuntimeClasspath,tensorflowDebugUnitTestCompileClasspath,tensorflowDebugUnitTestRuntimeClasspath,tensorflowReleaseAndroidTestCompileClasspath,tensorflowReleaseAndroidTestRuntimeClasspath,tensorflowReleaseCompileClasspath,tensorflowReleaseRuntimeClasspath,tensorflowReleaseUnitTestCompileClasspath,tensorflowReleaseUnitTestRuntimeClasspath
org.jetbrains:annotations:13.0=lintClassPath,onnxDebugCompileClasspath,onnxDebugRuntimeClasspath,onnxDebugUnitTestCompileClasspath,onnxDebugUnitTestRuntimeClasspath,onnxReleaseAndroidTestCompileClasspath,onnxReleaseAndroidTestRuntimeClasspath,onnxReleaseCompileClasspath,onnxReleaseRuntimeClasspath,onnxReleaseUnitTestCompileClasspath,onnxReleaseUnitTestRuntimeClasspath,pytorchDebugCompileClasspath,pytorchDebugRuntimeClasspath,pytorchDebugUnitTestCompileClasspath,pytorchDebugUnitTestRuntimeClasspath,pytorchReleaseAndroidTestCompileClasspath,pytorchReleaseAndroidTestRuntimeClasspath,pytorchReleaseCompileClasspath,pytorchReleaseRuntimeClasspath,pytorchReleaseUnitTestCompileClasspath,pytorchReleaseUnitTestRuntimeClasspath,tensorflowDebugCompileClasspath,tensorflowDebugRuntimeClasspath,tensorflowDebugUnitTestCompileClasspath,tensorflowDebugUnitTestRuntimeClasspath,tensorflowReleaseAndroidTestCompileClasspath,tensorflowReleaseAndroidTestRuntimeClasspath,tensorflowReleaseCompileClasspath,tensorflowReleaseRuntimeClasspath,tensorflowReleaseUnitTestCompileClasspath,tensorflowReleaseUnitTestRuntimeClasspath
org.jvnet.staxex:stax-ex:1.8.1=lintClassPath
org.ow2.asm:asm-analysis:7.0=lintClassPath
org.ow2.asm:asm-commons:7.0=lintClassPath
org.ow2.asm:asm-tree:7.0=lintClassPath
org.ow2.asm:asm-util:7.0=lintClassPath
org.ow2.asm:asm:7.0=lintClassPath
org.pytorch:pytorch_android:1.8.0=pytorchDebugCompileClasspath,pytorchDebugRuntimeClasspath,pytorchDebugUnitTestCompileClasspath,pytorchDebugUnitTestRuntimeClasspath,pytorchReleaseAndroidTestCompileClasspath,pytorchReleaseAndroidTestRuntimeClasspath,pytorchReleaseCompileClasspath,pytorchReleaseRuntimeClasspath,pytorchReleaseUnitTestCompileClasspath,pytorchReleaseUnitTestRuntimeClasspath
org.tensorflow:tensorflow-lite-gpu:2.4.0=tensorflowDebugCompileClasspath,tensorflowDebugRuntimeClasspath,tensorflowDebugUnitTestCompileClasspath,tensorflowDebugUnitTestRuntimeClasspath,tensorflowReleaseAndroidTestCompileClasspath,tensorflowReleaseAndroidTestRuntimeClasspath,tensorflowReleaseCompileClasspath,tensorflowReleaseRuntimeClasspath,tensorflowReleaseUnitTestCompileClasspath,tensorflowReleaseUnitTestRuntimeClasspath
org.tensorflow:tensorflow-lite-select-tf-ops:2.4.0=tensorflowDebugCompileClasspath,tensorflowDebugRuntimeClasspath,tensorflowDebugUnitTestCompileClasspath,tensorflowDebugUnitTestRuntimeClasspath,tensorflowReleaseAndroidTestCompileClasspath,tensorflowReleaseAndroidTestRuntimeClasspath,tensorflowReleaseCompileClasspath,tensorflowReleaseRuntimeClasspath,tensorflowReleaseUnitTestCompileClasspath,tensorflowReleaseUnitTestRuntimeClasspath
org.tensorflow:tensorflow-lite:2.4.0=tensorflowDebugCompileClasspath,tensorflowDebugRuntimeClasspath,tensorflowDebugUnitTestCompileClasspath,tensorflowDebugUnitTestRuntimeClasspath,tensorflowReleaseAndroidTestCompileClasspath,tensorflowReleaseAndroidTestRuntimeClasspath,tensorflowReleaseCompileClasspath,tensorflowReleaseRuntimeClasspath,tensorflowReleaseUnitTestCompileClasspath,tensorflowReleaseUnitTestRuntimeClasspath
xerces:xercesImpl:2.12.0=lintClassPath
xml-apis:xml-apis:1.4.01=lintClassPath
empty=androidApis,androidTestUtil,lintChecks,lintPublish,onnxDebugAnnotationProcessorClasspath,onnxDebugUnitTestAnnotationProcessorClasspath,onnxReleaseAnnotationProcessorClasspath,onnxReleaseUnitTestAnnotationProcessorClasspath,pytorchDebugAnnotationProcessorClasspath,pytorchDebugUnitTestAnnotationProcessorClasspath,pytorchReleaseAnnotationProcessorClasspath,pytorchReleaseUnitTestAnnotationProcessorClasspath,tensorflowDebugAnnotationProcessorClasspath,tensorflowDebugUnitTestAnnotationProcessorClasspath,tensorflowReleaseAnnotationProcessorClasspath,tensorflowReleaseUnitTestAnnotationProcessorClasspath
